{
  "requires": true,
  "lockfileVersion": 1,
  "dependencies": {
    "fakeloader": {
      "version": "1.0.0",
      "resolved": "https://registry.npmjs.org/fakeloader/-/fakeloader-1.0.0.tgz",
      "integrity": "sha512-Osfya50BPEONGUPsFlQhGx/oblMiCbk8HVu5BSVsDqTOgHitcyM5bDkdLGKObSRV8TGzaqbhHyh5DXEdCxOxuQ=="
    }
  }
}
